
Microsoft Visual Studio Solution File, Format Version 12.00
# Visual Studio Version 17
VisualStudioVersion = 17.9.34622.214
MinimumVisualStudioVersion = 10.0.40219.1
Project("{FAE04EC0-301F-11D3-BF4B-00C04F79EFBC}") = "Web Sindergin", "Web Sindergin\Web Sindergin.csproj", "{92D8299E-15D8-4F52-92D8-4203043E13DA}"
EndProject
Global
	GlobalSection(SolutionConfigurationPlatforms) = preSolution
		Debug|Any CPU = Debug|Any CPU
		Release|Any CPU = Release|Any CPU
	EndGlobalSection
	GlobalSection(ProjectConfigurationPlatforms) = postSolution
		{92D8299E-15D8-4F52-92D8-4203043E13DA}.Debug|Any CPU.ActiveCfg = Debug|Any CPU
		{92D8299E-15D8-4F52-92D8-4203043E13DA}.Debug|Any CPU.Build.0 = Debug|Any CPU
		{92D8299E-15D8-4F52-92D8-4203043E13DA}.Release|Any CPU.ActiveCfg = Release|Any CPU
		{92D8299E-15D8-4F52-92D8-4203043E13DA}.Release|Any CPU.Build.0 = Release|Any CPU
	EndGlobalSection
	GlobalSection(SolutionProperties) = preSolution
		HideSolutionNode = FALSE
	EndGlobalSection
	GlobalSection(ExtensibilityGlobals) = postSolution
		SolutionGuid = {8A634940-43C8-4C76-B5D0-BF0C6C51890A}
	EndGlobalSection
EndGlobal
